
Microsoft Visual Studio Solution File, Format Version 12.00
# Visual Studio 15
VisualStudioVersion = 15.0.27428.2037
MinimumVisualStudioVersion = 10.0.40219.1
Project("{FAE04EC0-301F-11D3-BF4B-00C04F79EFBC}") = "ArrayCalc", "ArrayCalc\ArrayCalc.csproj", "{4BD2F230-3C34-4D86-91BE-54FCCD430904}"
EndProject
Global
	GlobalSection(SolutionConfigurationPlatforms) = preSolution
		Debug|Any CPU = Debug|Any CPU
		Release|Any CPU = Release|Any CPU
	EndGlobalSection
	GlobalSection(ProjectConfigurationPlatforms) = postSolution
		{4BD2F230-3C34-4D86-91BE-54FCCD430904}.Debug|Any CPU.ActiveCfg = Debug|Any CPU
		{4BD2F230-3C34-4D86-91BE-54FCCD430904}.Debug|Any CPU.Build.0 = Debug|Any CPU
		{4BD2F230-3C34-4D86-91BE-54FCCD430904}.Release|Any CPU.ActiveCfg = Release|Any CPU
		{4BD2F230-3C34-4D86-91BE-54FCCD430904}.Release|Any CPU.Build.0 = Release|Any CPU
	EndGlobalSection
	GlobalSection(SolutionProperties) = preSolution
		HideSolutionNode = FALSE
	EndGlobalSection
	GlobalSection(ExtensibilityGlobals) = postSolution
		SolutionGuid = {FF3A89AE-9AAD-4DC2-A237-F5AEA623D48F}
	EndGlobalSection
EndGlobal
